
Microsoft Visual Studio Solution File, Format Version 12.00
# Visual Studio 15
VisualStudioVersion = 15.0.28307.421
MinimumVisualStudioVersion = 10.0.40219.1
Project("{FAE04EC0-301F-11D3-BF4B-00C04F79EFBC}") = "Olymp1", "Olymp1\Olymp1.csproj", "{3E059C80-F631-4E52-A889-A1835BB42241}"
EndProject
Global
	GlobalSection(SolutionConfigurationPlatforms) = preSolution
		Debug|Any CPU = Debug|Any CPU
		Release|Any CPU = Release|Any CPU
	EndGlobalSection
	GlobalSection(ProjectConfigurationPlatforms) = postSolution
		{3E059C80-F631-4E52-A889-A1835BB42241}.Debug|Any CPU.ActiveCfg = Debug|Any CPU
		{3E059C80-F631-4E52-A889-A1835BB42241}.Debug|Any CPU.Build.0 = Debug|Any CPU
		{3E059C80-F631-4E52-A889-A1835BB42241}.Release|Any CPU.ActiveCfg = Release|Any CPU
		{3E059C80-F631-4E52-A889-A1835BB42241}.Release|Any CPU.Build.0 = Release|Any CPU
	EndGlobalSection
	GlobalSection(SolutionProperties) = preSolution
		HideSolutionNode = FALSE
	EndGlobalSection
	GlobalSection(ExtensibilityGlobals) = postSolution
		SolutionGuid = {E586F865-76EA-4528-B7CB-B5AF273AE239}
	EndGlobalSection
EndGlobal
